// !$*UTF8*$!
{
	archiveVersion = 1;
	classes = {
	};
	objectVersion = 50;
	objects = {

/* Begin PBXBuildFile section */
		D90DE0B421BA6D370056C5EA /* AppDelegate.swift in Sources */ = {isa = PBXBuildFile; fileRef = D90DE0B321BA6D370056C5EA /* AppDelegate.swift */; };
		D90DE0B621BA6D370056C5EA /* art.scnassets in Resources */ = {isa = PBXBuildFile; fileRef = D90DE0B521BA6D370056C5EA /* art.scnassets */; };
		D90DE0B821BA6D370056C5EA /* ViewController.swift in Sources */ = {isa = PBXBuildFile; fileRef = D90DE0B721BA6D370056C5EA /* ViewController.swift */; };
		D90DE0BB21BA6D370056C5EA /* Main.storyboard in Resources */ = {isa = PBXBuildFile; fileRef = D90DE0B921BA6D370056C5EA /* Main.storyboard */; };
		D90DE0BD21BA6D380056C5EA /* Assets.xcassets in Resources */ = {isa = PBXBuildFile; fileRef = D90DE0BC21BA6D380056C5EA /* Assets.xcassets */; };
		D90DE0C021BA6D380056C5EA /* LaunchScreen.storyboard in Resources */ = {isa = PBXBuildFile; fileRef = D90DE0BE21BA6D380056C5EA /* LaunchScreen.storyboard */; };
		D90DE0CB21BA6D380056C5EA /* ARDemoTests.swift in Sources */ = {isa = PBXBuildFile; fileRef = D90DE0CA21BA6D380056C5EA /* ARDemoTests.swift */; };
		D90DE0D621BA6D380056C5EA /* ARDemoUITests.swift in Sources */ = {isa = PBXBuildFile; fileRef = D90DE0D521BA6D380056C5EA /* ARDemoUITests.swift */; };
		D90E365621E21D2E007E46BB /* smoke.png in Resources */ = {isa = PBXBuildFile; fileRef = D90E365421E21D2E007E46BB /* smoke.png */; };
		D90E365721E21D2E007E46BB /* smoke.scnp in Resources */ = {isa = PBXBuildFile; fileRef = D90E365521E21D2E007E46BB /* smoke.scnp */; };
		D9A0773021DD15C300888F9A /* Plane.swift in Sources */ = {isa = PBXBuildFile; fileRef = D9A0772F21DD15C300888F9A /* Plane.swift */; };
		D9A0773221DD190A00888F9A /* pinkWeb.png in Resources */ = {isa = PBXBuildFile; fileRef = D9A0773121DD190A00888F9A /* pinkWeb.png */; };
		D9A0773521DE13DC00888F9A /* Box.swift in Sources */ = {isa = PBXBuildFile; fileRef = D9A0773421DE13DC00888F9A /* Box.swift */; };
		D9A0773721DE1FEA00888F9A /* BitMaskCategory.swift in Sources */ = {isa = PBXBuildFile; fileRef = D9A0773621DE1FEA00888F9A /* BitMaskCategory.swift */; };
		D9C572B421E0C6B4004AF016 /* VirtualObject.swift in Sources */ = {isa = PBXBuildFile; fileRef = D9C572B321E0C6B4004AF016 /* VirtualObject.swift */; };
/* End PBXBuildFile section */

/* Begin PBXContainerItemProxy section */
		D90DE0C721BA6D380056C5EA /* PBXContainerItemProxy */ = {
			isa = PBXContainerItemProxy;
			containerPortal = D90DE0A821BA6D370056C5EA /* Project object */;
			proxyType = 1;
			remoteGlobalIDString = D90DE0AF21BA6D370056C5EA;
			remoteInfo = ARDemo;
		};
		D90DE0D221BA6D380056C5EA /* PBXContainerItemProxy */ = {
			isa = PBXContainerItemProxy;
			containerPortal = D90DE0A821BA6D370056C5EA /* Project object */;
			proxyType = 1;
			remoteGlobalIDString = D90DE0AF21BA6D370056C5EA;
			remoteInfo = ARDemo;
		};
/* End PBXContainerItemProxy section */

/* Begin PBXFileReference section */
		D90DE0B021BA6D370056C5EA /* ARDemo.app */ = {isa = PBXFileReference; explicitFileType = wrapper.application; includeInIndex = 0; path = ARDemo.app; sourceTree = BUILT_PRODUCTS_DIR; };
		D90DE0B321BA6D370056C5EA /* AppDelegate.swift */ = {isa = PBXFileReference; lastKnownFileType = sourcecode.swift; path = AppDelegate.swift; sourceTree = "<group>"; };
		D90DE0B521BA6D370056C5EA /* art.scnassets */ = {isa = PBXFileReference; lastKnownFileType = wrapper.scnassets; path = art.scnassets; sourceTree = "<group>"; };
		D90DE0B721BA6D370056C5EA /* ViewController.swift */ = {isa = PBXFileReference; lastKnownFileType = sourcecode.swift; path = ViewController.swift; sourceTree = "<group>"; };
		D90DE0BA21BA6D370056C5EA /* Base */ = {isa = PBXFileReference; lastKnownFileType = file.storyboard; name = Base; path = Base.lproj/Main.storyboard; sourceTree = "<group>"; };
		D90DE0BC21BA6D380056C5EA /* Assets.xcassets */ = {isa = PBXFileReference; lastKnownFileType = folder.assetcatalog; path = Assets.xcassets; sourceTree = "<group>"; };
		D90DE0BF21BA6D380056C5EA /* Base */ = {isa = PBXFileReference; lastKnownFileType = file.storyboard; name = Base; path = Base.lproj/LaunchScreen.storyboard; sourceTree = "<group>"; };
		D90DE0C121BA6D380056C5EA /* Info.plist */ = {isa = PBXFileReference; lastKnownFileType = text.plist.xml; path = Info.plist; sourceTree = "<group>"; };
		D90DE0C621BA6D380056C5EA /* ARDemoTests.xctest */ = {isa = PBXFileReference; explicitFileType = wrapper.cfbundle; includeInIndex = 0; path = ARDemoTests.xctest; sourceTree = BUILT_PRODUCTS_DIR; };
		D90DE0CA21BA6D380056C5EA /* ARDemoTests.swift */ = {isa = PBXFileReference; lastKnownFileType = sourcecode.swift; path = ARDemoTests.swift; sourceTree = "<group>"; };
		D90DE0CC21BA6D380056C5EA /* Info.plist */ = {isa = PBXFileReference; lastKnownFileType = text.plist.xml; path = Info.plist; sourceTree = "<group>"; };
		D90DE0D121BA6D380056C5EA /* ARDemoUITests.xctest */ = {isa = PBXFileReference; explicitFileType = wrapper.cfbundle; includeInIndex = 0; path = ARDemoUITests.xctest; sourceTree = BUILT_PRODUCTS_DIR; };
		D90DE0D521BA6D380056C5EA /* ARDemoUITests.swift */ = {isa = PBXFileReference; lastKnownFileType = sourcecode.swift; path = ARDemoUITests.swift; sourceTree = "<group>"; };
		D90DE0D721BA6D380056C5EA /* Info.plist */ = {isa = PBXFileReference; lastKnownFileType = text.plist.xml; path = Info.plist; sourceTree = "<group>"; };
		D90E365421E21D2E007E46BB /* smoke.png */ = {isa = PBXFileReference; lastKnownFileType = image.png; path = smoke.png; sourceTree = "<group>"; };
		D90E365521E21D2E007E46BB /* smoke.scnp */ = {isa = PBXFileReference; lastKnownFileType = file.scp; path = smoke.scnp; sourceTree = "<group>"; };
		D9A0772F21DD15C300888F9A /* Plane.swift */ = {isa = PBXFileReference; lastKnownFileType = sourcecode.swift; path = Plane.swift; sourceTree = "<group>"; };
		D9A0773121DD190A00888F9A /* pinkWeb.png */ = {isa = PBXFileReference; lastKnownFileType = image.png; path = pinkWeb.png; sourceTree = "<group>"; };
		D9A0773421DE13DC00888F9A /* Box.swift */ = {isa = PBXFileReference; lastKnownFileType = sourcecode.swift; path = Box.swift; sourceTree = "<group>"; };
		D9A0773621DE1FEA00888F9A /* BitMaskCategory.swift */ = {isa = PBXFileReference; lastKnownFileType = sourcecode.swift; path = BitMaskCategory.swift; sourceTree = "<group>"; };
		D9C572B321E0C6B4004AF016 /* VirtualObject.swift */ = {isa = PBXFileReference; lastKnownFileType = sourcecode.swift; path = VirtualObject.swift; sourceTree = "<group>"; };
/* End PBXFileReference section */

/* Begin PBXFrameworksBuildPhase section */
		D90DE0AD21BA6D370056C5EA /* Frameworks */ = {
			isa = PBXFrameworksBuildPhase;
			buildActionMask = 2147483647;
			files = (
			);
			runOnlyForDeploymentPostprocessing = 0;
		};
		D90DE0C321BA6D380056C5EA /* Frameworks */ = {
			isa = PBXFrameworksBuildPhase;
			buildActionMask = 2147483647;
			files = (
			);
			runOnlyForDeploymentPostprocessing = 0;
		};
		D90DE0CE21BA6D380056C5EA /* Frameworks */ = {
			isa = PBXFrameworksBuildPhase;
			buildActionMask = 2147483647;
			files = (
			);
			runOnlyForDeploymentPostprocessing = 0;
		};
/* End PBXFrameworksBuildPhase section */

/* Begin PBXGroup section */
		D90DE0A721BA6D370056C5EA = {
			isa = PBXGroup;
			children = (
				D90DE0B221BA6D370056C5EA /* ARDemo */,
				D90DE0C921BA6D380056C5EA /* ARDemoTests */,
				D90DE0D421BA6D380056C5EA /* ARDemoUITests */,
				D90DE0B121BA6D370056C5EA /* Products */,
			);
			sourceTree = "<group>";
		};
		D90DE0B121BA6D370056C5EA /* Products */ = {
			isa = PBXGroup;
			children = (
				D90DE0B021BA6D370056C5EA /* ARDemo.app */,
				D90DE0C621BA6D380056C5EA /* ARDemoTests.xctest */,
				D90DE0D121BA6D380056C5EA /* ARDemoUITests.xctest */,
			);
			name = Products;
			sourceTree = "<group>";
		};
		D90DE0B221BA6D370056C5EA /* ARDemo */ = {
			isa = PBXGroup;
			children = (
				D90DE0B321BA6D370056C5EA /* AppDelegate.swift */,
				D90DE0B521BA6D370056C5EA /* art.scnassets */,
				D90E365321E21D0B007E46BB /* ParticleSystem */,
				D90DE0B721BA6D370056C5EA /* ViewController.swift */,
				D90DE0B921BA6D370056C5EA /* Main.storyboard */,
				D90DE0BC21BA6D380056C5EA /* Assets.xcassets */,
				D90DE0BE21BA6D380056C5EA /* LaunchScreen.storyboard */,
				D90DE0C121BA6D380056C5EA /* Info.plist */,
				D9A0773121DD190A00888F9A /* pinkWeb.png */,
				D9A0773321DE13BE00888F9A /* Entities */,
				D9A0773621DE1FEA00888F9A /* BitMaskCategory.swift */,
			);
			path = ARDemo;
			sourceTree = "<group>";
		};
		D90DE0C921BA6D380056C5EA /* ARDemoTests */ = {
			isa = PBXGroup;
			children = (
				D90DE0CA21BA6D380056C5EA /* ARDemoTests.swift */,
				D90DE0CC21BA6D380056C5EA /* Info.plist */,
			);
			path = ARDemoTests;
			sourceTree = "<group>";
		};
		D90DE0D421BA6D380056C5EA /* ARDemoUITests */ = {
			isa = PBXGroup;
			children = (
				D90DE0D521BA6D380056C5EA /* ARDemoUITests.swift */,
				D90DE0D721BA6D380056C5EA /* Info.plist */,
			);
			path = ARDemoUITests;
			sourceTree = "<group>";
		};
		D90E365321E21D0B007E46BB /* ParticleSystem */ = {
			isa = PBXGroup;
			children = (
				D90E365421E21D2E007E46BB /* smoke.png */,
				D90E365521E21D2E007E46BB /* smoke.scnp */,
			);
			path = ParticleSystem;
			sourceTree = "<group>";
		};
		D9A0773321DE13BE00888F9A /* Entities */ = {
			isa = PBXGroup;
			children = (
				D9A0772F21DD15C300888F9A /* Plane.swift */,
				D9A0773421DE13DC00888F9A /* Box.swift */,
				D9C572B321E0C6B4004AF016 /* VirtualObject.swift */,
			);
			path = Entities;
			sourceTree = "<group>";
		};
/* End PBXGroup section */

/* Begin PBXNativeTarget section */
		D90DE0AF21BA6D370056C5EA /* ARDemo */ = {
			isa = PBXNativeTarget;
			buildConfigurationList = D90DE0DA21BA6D380056C5EA /* Build configuration list for PBXNativeTarget "ARDemo" */;
			buildPhases = (
				D90DE0AC21BA6D370056C5EA /* Sources */,
				D90DE0AD21BA6D370056C5EA /* Frameworks */,
				D90DE0AE21BA6D370056C5EA /* Resources */,
			);
			buildRules = (
			);
			dependencies = (
			);
			name = ARDemo;
			productName = ARDemo;
			productReference = D90DE0B021BA6D370056C5EA /* ARDemo.app */;
			productType = "com.apple.product-type.application";
		};
		D90DE0C521BA6D380056C5EA /* ARDemoTests */ = {
			isa = PBXNativeTarget;
			buildConfigurationList = D90DE0DD21BA6D380056C5EA /* Build configuration list for PBXNativeTarget "ARDemoTests" */;
			buildPhases = (
				D90DE0C221BA6D380056C5EA /* Sources */,
				D90DE0C321BA6D380056C5EA /* Frameworks */,
				D90DE0C421BA6D380056C5EA /* Resources */,
			);
			buildRules = (
			);
			dependencies = (
				D90DE0C821BA6D380056C5EA /* PBXTargetDependency */,
			);
			name = ARDemoTests;
			productName = ARDemoTests;
			productReference = D90DE0C621BA6D380056C5EA /* ARDemoTests.xctest */;
			productType = "com.apple.product-type.bundle.unit-test";
		};
		D90DE0D021BA6D380056C5EA /* ARDemoUITests */ = {
			isa = PBXNativeTarget;
			buildConfigurationList = D90DE0E021BA6D380056C5EA /* Build configuration list for PBXNativeTarget "ARDemoUITests" */;
			buildPhases = (
				D90DE0CD21BA6D380056C5EA /* Sources */,
				D90DE0CE21BA6D380056C5EA /* Frameworks */,
				D90DE0CF21BA6D380056C5EA /* Resources */,
			);
			buildRules = (
			);
			dependencies = (
				D90DE0D321BA6D380056C5EA /* PBXTargetDependency */,
			);
			name = ARDemoUITests;
			productName = ARDemoUITests;
			productReference = D90DE0D121BA6D380056C5EA /* ARDemoUITests.xctest */;
			productType = "com.apple.product-type.bundle.ui-testing";
		};
/* End PBXNativeTarget section */

/* Begin PBXProject section */
		D90DE0A821BA6D370056C5EA /* Project object */ = {
			isa = PBXProject;
			attributes = {
				LastSwiftUpdateCheck = 1010;
				LastUpgradeCheck = 1010;
				ORGANIZATIONNAME = Booharin;
				TargetAttributes = {
					D90DE0AF21BA6D370056C5EA = {
						CreatedOnToolsVersion = 10.1;
					};
					D90DE0C521BA6D380056C5EA = {
						CreatedOnToolsVersion = 10.1;
						TestTargetID = D90DE0AF21BA6D370056C5EA;
					};
					D90DE0D021BA6D380056C5EA = {
						CreatedOnToolsVersion = 10.1;
						TestTargetID = D90DE0AF21BA6D370056C5EA;
					};
				};
			};
			buildConfigurationList = D90DE0AB21BA6D370056C5EA /* Build configuration list for PBXProject "ARDemo" */;
			compatibilityVersion = "Xcode 9.3";
			developmentRegion = en;
			hasScannedForEncodings = 0;
			knownRegions = (
				en,
				Base,
			);
			mainGroup = D90DE0A721BA6D370056C5EA;
			productRefGroup = D90DE0B121BA6D370056C5EA /* Products */;
			projectDirPath = "";
			projectRoot = "";
			targets = (
				D90DE0AF21BA6D370056C5EA /* ARDemo */,
				D90DE0C521BA6D380056C5EA /* ARDemoTests */,
				D90DE0D021BA6D380056C5EA /* ARDemoUITests */,
			);
		};
/* End PBXProject section */

/* Begin PBXResourcesBuildPhase section */
		D90DE0AE21BA6D370056C5EA /* Resources */ = {
			isa = PBXResourcesBuildPhase;
			buildActionMask = 2147483647;
			files = (
				D90DE0B621BA6D370056C5EA /* art.scnassets in Resources */,
				D90E365621E21D2E007E46BB /* smoke.png in Resources */,
				D90DE0C021BA6D380056C5EA /* LaunchScreen.storyboard in Resources */,
				D90DE0BD21BA6D380056C5EA /* Assets.xcassets in Resources */,
				D9A0773221DD190A00888F9A /* pinkWeb.png in Resources */,
				D90DE0BB21BA6D370056C5EA /* Main.storyboard in Resources */,
				D90E365721E21D2E007E46BB /* smoke.scnp in Resources */,
			);
			runOnlyForDeploymentPostprocessing = 0;
		};
		D90DE0C421BA6D380056C5EA /* Resources */ = {
			isa = PBXResourcesBuildPhase;
			buildActionMask = 2147483647;
			files = (
			);
			runOnlyForDeploymentPostprocessing = 0;
		};
		D90DE0CF21BA6D380056C5EA /* Resources */ = {
			isa = PBXResourcesBuildPhase;
			buildActionMask = 2147483647;
			files = (
			);
			runOnlyForDeploymentPostprocessing = 0;
		};
/* End PBXResourcesBuildPhase section */

/* Begin PBXSourcesBuildPhase section */
		D90DE0AC21BA6D370056C5EA /* Sources */ = {
			isa = PBXSourcesBuildPhase;
			buildActionMask = 2147483647;
			files = (
				D90DE0B821BA6D370056C5EA /* ViewController.swift in Sources */,
				D9A0773521DE13DC00888F9A /* Box.swift in Sources */,
				D9C572B421E0C6B4004AF016 /* VirtualObject.swift in Sources */,
				D9A0773721DE1FEA00888F9A /* BitMaskCategory.swift in Sources */,
				D9A0773021DD15C300888F9A /* Plane.swift in Sources */,
				D90DE0B421BA6D370056C5EA /* AppDelegate.swift in Sources */,
			);
			runOnlyForDeploymentPostprocessing = 0;
		};
		D90DE0C221BA6D380056C5EA /* Sources */ = {
			isa = PBXSourcesBuildPhase;
			buildActionMask = 2147483647;
			files = (
				D90DE0CB21BA6D380056C5EA /* ARDemoTests.swift in Sources */,
			);
			runOnlyForDeploymentPostprocessing = 0;
		};
		D90DE0CD21BA6D380056C5EA /* Sources */ = {
			isa = PBXSourcesBuildPhase;
			buildActionMask = 2147483647;
			files = (
				D90DE0D621BA6D380056C5EA /* ARDemoUITests.swift in Sources */,
			);
			runOnlyForDeploymentPostprocessing = 0;
		};
/* End PBXSourcesBuildPhase section */

/* Begin PBXTargetDependency section */
		D90DE0C821BA6D380056C5EA /* PBXTargetDependency */ = {
			isa = PBXTargetDependency;
			target = D90DE0AF21BA6D370056C5EA /* ARDemo */;
			targetProxy = D90DE0C721BA6D380056C5EA /* PBXContainerItemProxy */;
		};
		D90DE0D321BA6D380056C5EA /* PBXTargetDependency */ = {
			isa = PBXTargetDependency;
			target = D90DE0AF21BA6D370056C5EA /* ARDemo */;
			targetProxy = D90DE0D221BA6D380056C5EA /* PBXContainerItemProxy */;
		};
/* End PBXTargetDependency section */

/* Begin PBXVariantGroup section */
		D90DE0B921BA6D370056C5EA /* Main.storyboard */ = {
			isa = PBXVariantGroup;
			children = (
				D90DE0BA21BA6D370056C5EA /* Base */,
			);
			name = Main.storyboard;
			sourceTree = "<group>";
		};
		D90DE0BE21BA6D380056C5EA /* LaunchScreen.storyboard */ = {
			isa = PBXVariantGroup;
			children = (
				D90DE0BF21BA6D380056C5EA /* Base */,
			);
			name = LaunchScreen.storyboard;
			sourceTree = "<group>";
		};
/* End PBXVariantGroup section */

/* Begin XCBuildConfiguration section */
		D90DE0D821BA6D380056C5EA /* Debug */ = {
			isa = XCBuildConfiguration;
			buildSettings = {
				ALWAYS_SEARCH_USER_PATHS = NO;
				CLANG_ANALYZER_NONNULL = YES;
				CLANG_ANALYZER_NUMBER_OBJECT_CONVERSION = YES_AGGRESSIVE;
				CLANG_CXX_LANGUAGE_STANDARD = "gnu++14";
				CLANG_CXX_LIBRARY = "libc++";
				CLANG_ENABLE_MODULES = YES;
				CLANG_ENABLE_OBJC_ARC = YES;
				CLANG_ENABLE_OBJC_WEAK = YES;
				CLANG_WARN_BLOCK_CAPTURE_AUTORELEASING = YES;
				CLANG_WARN_BOOL_CONVERSION = YES;
				CLANG_WARN_COMMA = YES;
				CLANG_WARN_CONSTANT_CONVERSION = YES;
				CLANG_WARN_DEPRECATED_OBJC_IMPLEMENTATIONS = YES;
				CLANG_WARN_DIRECT_OBJC_ISA_USAGE = YES_ERROR;
				CLANG_WARN_DOCUMENTATION_COMMENTS = YES;
				CLANG_WARN_EMPTY_BODY = YES;
				CLANG_WARN_ENUM_CONVERSION = YES;
				CLANG_WARN_INFINITE_RECURSION = YES;
				CLANG_WARN_INT_CONVERSION = YES;
				CLANG_WARN_NON_LITERAL_NULL_CONVERSION = YES;
				CLANG_WARN_OBJC_IMPLICIT_RETAIN_SELF = YES;
				CLANG_WARN_OBJC_LITERAL_CONVERSION = YES;
				CLANG_WARN_OBJC_ROOT_CLASS = YES_ERROR;
				CLANG_WARN_RANGE_LOOP_ANALYSIS = YES;
				CLANG_WARN_STRICT_PROTOTYPES = YES;
				CLANG_WARN_SUSPICIOUS_MOVE = YES;
				CLANG_WARN_UNGUARDED_AVAILABILITY = YES_AGGRESSIVE;
				CLANG_WARN_UNREACHABLE_CODE = YES;
				CLANG_WARN__DUPLICATE_METHOD_MATCH = YES;
				CODE_SIGN_IDENTITY = "iPhone Developer";
				COPY_PHASE_STRIP = NO;
				DEBUG_INFORMATION_FORMAT = dwarf;
				ENABLE_STRICT_OBJC_MSGSEND = YES;
				ENABLE_TESTABILITY = YES;
				GCC_C_LANGUAGE_STANDARD = gnu11;
				GCC_DYNAMIC_NO_PIC = NO;
				GCC_NO_COMMON_BLOCKS = YES;
				GCC_OPTIMIZATION_LEVEL = 0;
				GCC_PREPROCESSOR_DEFINITIONS = (
					"DEBUG=1",
					"$(inherited)",
				);
				GCC_WARN_64_TO_32_BIT_CONVERSION = YES;
				GCC_WARN_ABOUT_RETURN_TYPE = YES_ERROR;
				GCC_WARN_UNDECLARED_SELECTOR = YES;
				GCC_WARN_UNINITIALIZED_AUTOS = YES_AGGRESSIVE;
				GCC_WARN_UNUSED_FUNCTION = YES;
				GCC_WARN_UNUSED_VARIABLE = YES;
				IPHONEOS_DEPLOYMENT_TARGET = 12.1;
				MTL_ENABLE_DEBUG_INFO = INCLUDE_SOURCE;
				MTL_FAST_MATH = YES;
				ONLY_ACTIVE_ARCH = YES;
				SDKROOT = iphoneos;
				SWIFT_ACTIVE_COMPILATION_CONDITIONS = DEBUG;
				SWIFT_OPTIMIZATION_LEVEL = "-Onone";
			};
			name = Debug;
		};
		D90DE0D921BA6D380056C5EA /* Release */ = {
			isa = XCBuildConfiguration;
			buildSettings = {
				ALWAYS_SEARCH_USER_PATHS = NO;
				CLANG_ANALYZER_NONNULL = YES;
				CLANG_ANALYZER_NUMBER_OBJECT_CONVERSION = YES_AGGRESSIVE;
				CLANG_CXX_LANGUAGE_STANDARD = "gnu++14";
				CLANG_CXX_LIBRARY = "libc++";
				CLANG_ENABLE_MODULES = YES;
				CLANG_ENABLE_OBJC_ARC = YES;
				CLANG_ENABLE_OBJC_WEAK = YES;
				CLANG_WARN_BLOCK_CAPTURE_AUTORELEASING = YES;
				CLANG_WARN_BOOL_CONVERSION = YES;
				CLANG_WARN_COMMA = YES;
				CLANG_WARN_CONSTANT_CONVERSION = YES;
				CLANG_WARN_DEPRECATED_OBJC_IMPLEMENTATIONS = YES;
				CLANG_WARN_DIRECT_OBJC_ISA_USAGE = YES_ERROR;
				CLANG_WARN_DOCUMENTATION_COMMENTS = YES;
				CLANG_WARN_EMPTY_BODY = YES;
				CLANG_WARN_ENUM_CONVERSION = YES;
				CLANG_WARN_INFINITE_RECURSION = YES;
				CLANG_WARN_INT_CONVERSION = YES;
				CLANG_WARN_NON_LITERAL_NULL_CONVERSION = YES;
				CLANG_WARN_OBJC_IMPLICIT_RETAIN_SELF = YES;
				CLANG_WARN_OBJC_LITERAL_CONVERSION = YES;
				CLANG_WARN_OBJC_ROOT_CLASS = YES_ERROR;
				CLANG_WARN_RANGE_LOOP_ANALYSIS = YES;
				CLANG_WARN_STRICT_PROTOTYPES = YES;
				CLANG_WARN_SUSPICIOUS_MOVE = YES;
				CLANG_WARN_UNGUARDED_AVAILABILITY = YES_AGGRESSIVE;
				CLANG_WARN_UNREACHABLE_CODE = YES;
				CLANG_WARN__DUPLICATE_METHOD_MATCH = YES;
				CODE_SIGN_IDENTITY = "iPhone Developer";
				COPY_PHASE_STRIP = NO;
				DEBUG_INFORMATION_FORMAT = "dwarf-with-dsym";
				ENABLE_NS_ASSERTIONS = NO;
				ENABLE_STRICT_OBJC_MSGSEND = YES;
				GCC_C_LANGUAGE_STANDARD = gnu11;
				GCC_NO_COMMON_BLOCKS = YES;
				GCC_WARN_64_TO_32_BIT_CONVERSION = YES;
				GCC_WARN_ABOUT_RETURN_TYPE = YES_ERROR;
				GCC_WARN_UNDECLARED_SELECTOR = YES;
				GCC_WARN_UNINITIALIZED_AUTOS = YES_AGGRESSIVE;
				GCC_WARN_UNUSED_FUNCTION = YES;
				GCC_WARN_UNUSED_VARIABLE = YES;
				IPHONEOS_DEPLOYMENT_TARGET = 12.1;
				MTL_ENABLE_DEBUG_INFO = NO;
				MTL_FAST_MATH = YES;
				SDKROOT = iphoneos;
				SWIFT_COMPILATION_MODE = wholemodule;
				SWIFT_OPTIMIZATION_LEVEL = "-O";
				VALIDATE_PRODUCT = YES;
			};
			name = Release;
		};
		D90DE0DB21BA6D380056C5EA /* Debug */ = {
			isa = XCBuildConfiguration;
			buildSettings = {
				ASSETCATALOG_COMPILER_APPICON_NAME = AppIcon;
				CODE_SIGN_STYLE = Automatic;
				DEVELOPMENT_TEAM = 62UUS6482X;
				INFOPLIST_FILE = ARDemo/Info.plist;
				LD_RUNPATH_SEARCH_PATHS = (
					"$(inherited)",
					"@executable_path/Frameworks",
				);
				PRODUCT_BUNDLE_IDENTIFIER = com.umbrella.ARDemo;
				PRODUCT_NAME = "$(TARGET_NAME)";
				SWIFT_VERSION = 4.2;
				TARGETED_DEVICE_FAMILY = "1,2";
			};
			name = Debug;
		};
		D90DE0DC21BA6D380056C5EA /* Release */ = {
			isa = XCBuildConfiguration;
			buildSettings = {
				ASSETCATALOG_COMPILER_APPICON_NAME = AppIcon;
				CODE_SIGN_STYLE = Automatic;
				DEVELOPMENT_TEAM = 62UUS6482X;
				INFOPLIST_FILE = ARDemo/Info.plist;
				LD_RUNPATH_SEARCH_PATHS = (
					"$(inherited)",
					"@executable_path/Frameworks",
				);
				PRODUCT_BUNDLE_IDENTIFIER = com.umbrella.ARDemo;
				PRODUCT_NAME = "$(TARGET_NAME)";
				SWIFT_VERSION = 4.2;
				TARGETED_DEVICE_FAMILY = "1,2";
			};
			name = Release;
		};
		D90DE0DE21BA6D380056C5EA /* Debug */ = {
			isa = XCBuildConfiguration;
			buildSettings = {
				ALWAYS_EMBED_SWIFT_STANDARD_LIBRARIES = YES;
				BUNDLE_LOADER = "$(TEST_HOST)";
				CODE_SIGN_STYLE = Automatic;
				DEVELOPMENT_TEAM = 62UUS6482X;
				INFOPLIST_FILE = ARDemoTests/Info.plist;
				LD_RUNPATH_SEARCH_PATHS = (
					"$(inherited)",
					"@executable_path/Frameworks",
					"@loader_path/Frameworks",
				);
				PRODUCT_BUNDLE_IDENTIFIER = com.umbrella.ARDemoTests;
				PRODUCT_NAME = "$(TARGET_NAME)";
				SWIFT_VERSION = 4.2;
				TARGETED_DEVICE_FAMILY = "1,2";
				TEST_HOST = "$(BUILT_PRODUCTS_DIR)/ARDemo.app/ARDemo";
			};
			name = Debug;
		};
		D90DE0DF21BA6D380056C5EA /* Release */ = {
			isa = XCBuildConfiguration;
			buildSettings = {
				ALWAYS_EMBED_SWIFT_STANDARD_LIBRARIES = YES;
				BUNDLE_LOADER = "$(TEST_HOST)";
				CODE_SIGN_STYLE = Automatic;
				DEVELOPMENT_TEAM = 62UUS6482X;
				INFOPLIST_FILE = ARDemoTests/Info.plist;
				LD_RUNPATH_SEARCH_PATHS = (
					"$(inherited)",
					"@executable_path/Frameworks",
					"@loader_path/Frameworks",
				);
				PRODUCT_BUNDLE_IDENTIFIER = com.umbrella.ARDemoTests;
				PRODUCT_NAME = "$(TARGET_NAME)";
				SWIFT_VERSION = 4.2;
				TARGETED_DEVICE_FAMILY = "1,2";
				TEST_HOST = "$(BUILT_PRODUCTS_DIR)/ARDemo.app/ARDemo";
			};
			name = Release;
		};
		D90DE0E121BA6D380056C5EA /* Debug */ = {
			isa = XCBuildConfiguration;
			buildSettings = {
				ALWAYS_EMBED_SWIFT_STANDARD_LIBRARIES = YES;
				CODE_SIGN_STYLE = Automatic;
				DEVELOPMENT_TEAM = 62UUS6482X;
				INFOPLIST_FILE = ARDemoUITests/Info.plist;
				LD_RUNPATH_SEARCH_PATHS = (
					"$(inherited)",
					"@executable_path/Frameworks",
					"@loader_path/Frameworks",
				);
				PRODUCT_BUNDLE_IDENTIFIER = com.umbrella.ARDemoUITests;
				PRODUCT_NAME = "$(TARGET_NAME)";
				SWIFT_VERSION = 4.2;
				TARGETED_DEVICE_FAMILY = "1,2";
				TEST_TARGET_NAME = ARDemo;
			};
			name = Debug;
		};
		D90DE0E221BA6D380056C5EA /* Release */ = {
			isa = XCBuildConfiguration;
			buildSettings = {
				ALWAYS_EMBED_SWIFT_STANDARD_LIBRARIES = YES;
				CODE_SIGN_STYLE = Automatic;
				DEVELOPMENT_TEAM = 62UUS6482X;
				INFOPLIST_FILE = ARDemoUITests/Info.plist;
				LD_RUNPATH_SEARCH_PATHS = (
					"$(inherited)",
					"@executable_path/Frameworks",
					"@loader_path/Frameworks",
				);
				PRODUCT_BUNDLE_IDENTIFIER = com.umbrella.ARDemoUITests;
				PRODUCT_NAME = "$(TARGET_NAME)";
				SWIFT_VERSION = 4.2;
				TARGETED_DEVICE_FAMILY = "1,2";
				TEST_TARGET_NAME = ARDemo;
			};
			name = Release;
		};
/* End XCBuildConfiguration section */

/* Begin XCConfigurationList section */
		D90DE0AB21BA6D370056C5EA /* Build configuration list for PBXProject "ARDemo" */ = {
			isa = XCConfigurationList;
			buildConfigurations = (
				D90DE0D821BA6D380056C5EA /* Debug */,
				D90DE0D921BA6D380056C5EA /* Release */,
			);
			defaultConfigurationIsVisible = 0;
			defaultConfigurationName = Release;
		};
		D90DE0DA21BA6D380056C5EA /* Build configuration list for PBXNativeTarget "ARDemo" */ = {
			isa = XCConfigurationList;
			buildConfigurations = (
				D90DE0DB21BA6D380056C5EA /* Debug */,
				D90DE0DC21BA6D380056C5EA /* Release */,
			);
			defaultConfigurationIsVisible = 0;
			defaultConfigurationName = Release;
		};
		D90DE0DD21BA6D380056C5EA /* Build configuration list for PBXNativeTarget "ARDemoTests" */ = {
			isa = XCConfigurationList;
			buildConfigurations = (
				D90DE0DE21BA6D380056C5EA /* Debug */,
				D90DE0DF21BA6D380056C5EA /* Release */,
			);
			defaultConfigurationIsVisible = 0;
			defaultConfigurationName = Release;
		};
		D90DE0E021BA6D380056C5EA /* Build configuration list for PBXNativeTarget "ARDemoUITests" */ = {
			isa = XCConfigurationList;
			buildConfigurations = (
				D90DE0E121BA6D380056C5EA /* Debug */,
				D90DE0E221BA6D380056C5EA /* Release */,
			);
			defaultConfigurationIsVisible = 0;
			defaultConfigurationName = Release;
		};
/* End XCConfigurationList section */
	};
	rootObject = D90DE0A821BA6D370056C5EA /* Project object */;
}
